PackratFormat: 1.4
PackratVersion: 0.4.1.7
RVersion: 3.1.1
Repos: CRAN=http://cran.rstudio.com

Package: packrat
Source: github
Version: 0.4.1.7
GithubRepo: packrat
GithubUsername: rstudio
GithubRef: master
GithubSha1: d22ba3fbd91ee088b2f84dec6fc02e3542e4a52c
Hash: d22ba3fbd91ee088b2f84dec6fc02e3542e4a52c
