PackratFormat: 1.4
PackratVersion: 0.4.2.1
RVersion: 3.1.2
Repos: CRAN=http://cran.rstudio.com,
    CRANextra=http://www.stats.ox.ac.uk/pub/RWin

Package: RCurl
Source: CRAN
Version: 1.95-4.5
Requires: bitops

Package: bitops
Source: CRAN
Version: 1.0-6
Hash: cb26464a8321628636b547518994c931

Package: chron
Source: CRAN
Version: 2.3-45
Hash: 65cf73bf43c26a4578bb251499de38cd

Package: ncdf4
Source: CRAN
Version: 1.13
Hash: 6c72cbe4773b6b40bf0afb76eb0a37d7

Package: packrat
Source: CRAN
Version: 0.4.2-1
Hash: 085f944cec9b56e8a280222b5174c76e

Package: raster
Source: CRAN
Version: 2.3-12
Requires: sp
Hash: b84f479bf59fd3ed66553827b3f8c497

Package: rgdal
Source: CRAN
Version: 0.9-1
Requires: sp
Hash: 2c5a1585fcd3e95faf99b92e069e75d0

Package: rgeos
Source: CRAN
Version: 0.3-8
Requires: sp
Hash: 2b41a3b4f25e7be4c85bb376428ddc6d

Package: snow
Source: CRAN
Version: 0.3-13
Hash: 16dca684ceb4baa0f96c1ca1b3314497

Package: sp
Source: CRAN
Version: 1.0-16
Hash: 1ec8e2e48ab1a6a12ba2b9754a860ed4
