PackratFormat: 1.4
PackratVersion: 0.4.2.1
RVersion: 3.1.2
Repos: CRAN=http://cran.rstudio.com

Package: R6
Source: CRAN
Version: 2.0.1
Hash: 9a3ac4e5fd8059af0fc5156bcb019bbc

Package: RColorBrewer
Source: CRAN
Version: 1.0-5
Hash: 6a849b729bec970204ca88b96906adbc

Package: RCurl
Source: CRAN
Version: 1.95-4.5
Hash: 1187c1ea73013abf25f362a7e6da1046
Requires: bitops

Package: bitops
Source: CRAN
Version: 1.0-6
Hash: cb26464a8321628636b547518994c931

Package: caTools
Source: CRAN
Version: 1.17.1
Hash: bb5fdc266f716b8a289a4f92007d53e3
Requires: bitops

Package: chron
Source: CRAN
Version: 2.3-45
Hash: 65cf73bf43c26a4578bb251499de38cd

Package: devtools
Source: CRAN
Version: 1.6.1
Hash: e3096b832604a7a36ff0a6455e5cdddc
Requires: RCurl, digest, evaluate, httr, jsonlite, memoise, rstudioapi,
    whisker

Package: digest
Source: CRAN
Version: 0.6.8
Hash: 89dc4c8734dad5322bb3c5c2af09056f

Package: evaluate
Source: CRAN
Version: 0.5.5
Hash: 20881970e590ee68de97a468694db7b0
Requires: stringr

Package: formatR
Source: CRAN
Version: 1.0
Hash: a90c211d7df7e61a72b8ab6c99c2e848

Package: highr
Source: CRAN
Version: 0.4
Hash: 8c77cca8556e1501621b4a5ccb7999bd

Package: htmltools
Source: CRAN
Version: 0.2.6
Hash: 2c87108d130de261ac3c468d3316ae42
Requires: digest

Package: httr
Source: CRAN
Version: 0.6.1
Hash: 3b082465d75a7a0c3d09ad06a0905aff
Requires: R6, RCurl, digest, jsonlite, mime, stringr

Package: jsonlite
Source: CRAN
Version: 0.9.14
Hash: 1e949c7f0f926734e2ff498eddb2309a

Package: knitr
Source: CRAN
Version: 1.8
Hash: d00d7b314ca4c34f8a56ceacefb31b4f
Requires: digest, evaluate, formatR, highr, markdown, stringr

Package: markdown
Source: CRAN
Version: 0.7.4
Hash: 01d7f71ed6e3d9b1c17ba51cff91be72
Requires: mime

Package: memoise
Source: CRAN
Version: 0.2.1
Hash: fc52fa39dfd216c44d64812ff31b1c67
Requires: digest

Package: mime
Source: CRAN
Version: 0.2
Hash: 9179db921fcb2e5be44e217042ed06bc

Package: ncdf4
Source: CRAN
Version: 1.13
Hash: 6c72cbe4773b6b40bf0afb76eb0a37d7

Package: packrat
Source: CRAN
Version: 0.4.2-1
Hash: 085f944cec9b56e8a280222b5174c76e

Package: raster
Source: CRAN
Version: 2.3-12
Hash: b84f479bf59fd3ed66553827b3f8c497
Requires: sp

Package: rgdal
Source: CRAN
Version: 0.9-1
Hash: 2c5a1585fcd3e95faf99b92e069e75d0
Requires: sp

Package: rgeos
Source: CRAN
Version: 0.3-8
Hash: 2b41a3b4f25e7be4c85bb376428ddc6d
Requires: sp

Package: rmarkdown
Source: CRAN
Version: 0.4.2
Hash: c0a973db5a50da2b14afece2007984ab
Requires: caTools, htmltools, knitr, yaml

Package: rstudioapi
Source: CRAN
Version: 0.2
Hash: aa27b6b62b335717db16cb1de6336860

Package: snow
Source: CRAN
Version: 0.3-13
Hash: 16dca684ceb4baa0f96c1ca1b3314497

Package: sp
Source: CRAN
Version: 1.0-16
Hash: 1ec8e2e48ab1a6a12ba2b9754a860ed4

Package: stringr
Source: CRAN
Version: 0.6.2
Hash: cdde0cfa0f52cffeaca23a11a3899779

Package: whisker
Source: CRAN
Version: 0.3-2
Hash: 186ab2937fec1694c8a63009a2389c4e

Package: yaml
Source: CRAN
Version: 2.1.13
Hash: e5d041c001f6d641fd009c1f6ef7d831
